
Microsoft Visual Studio Solution File, Format Version 12.00
# Visual Studio Version 16
VisualStudioVersion = 16.0.29709.97
MinimumVisualStudioVersion = 10.0.40219.1
Project("{FAE04EC0-301F-11D3-BF4B-00C04F79EFBC}") = "APKSMerger", "APKSMerger\APKSMerger.csproj", "{46807C3E-9273-49FF-8AFE-29F51D010A93}"
EndProject
Global
	GlobalSection(SolutionConfigurationPlatforms) = preSolution
		Debug|Any CPU = Debug|Any CPU
		Release|Any CPU = Release|Any CPU
	EndGlobalSection
	GlobalSection(ProjectConfigurationPlatforms) = postSolution
		{46807C3E-9273-49FF-8AFE-29F51D010A93}.Debug|Any CPU.ActiveCfg = Debug|Any CPU
		{46807C3E-9273-49FF-8AFE-29F51D010A93}.Debug|Any CPU.Build.0 = Debug|Any CPU
		{46807C3E-9273-49FF-8AFE-29F51D010A93}.Release|Any CPU.ActiveCfg = Release|Any CPU
		{46807C3E-9273-49FF-8AFE-29F51D010A93}.Release|Any CPU.Build.0 = Release|Any CPU
	EndGlobalSection
	GlobalSection(SolutionProperties) = preSolution
		HideSolutionNode = FALSE
	EndGlobalSection
	GlobalSection(ExtensibilityGlobals) = postSolution
		SolutionGuid = {DAAD2AA0-112B-4F59-879A-45677AD3A53C}
	EndGlobalSection
EndGlobal
